
Microsoft Visual Studio Solution File, Format Version 12.00
# Visual Studio Version 16
VisualStudioVersion = 16.0.30907.101
MinimumVisualStudioVersion = 10.0.40219.1
Project("{9A19103F-16F7-4668-BE54-9A1E7A4F7556}") = "Cryptocurrency", "Cryptocurrency\Cryptocurrency.csproj", "{CE6A4C85-4998-48BD-9523-BEC8CCA8DD2C}"
EndProject
Project("{9A19103F-16F7-4668-BE54-9A1E7A4F7556}") = "Cryptocurrency.UnitTest", "Cryptocurrency.UnitTest\Cryptocurrency.UnitTest.csproj", "{0664D220-7477-424E-A0BD-CBFC93BF94A7}"
EndProject
Global
	GlobalSection(SolutionConfigurationPlatforms) = preSolution
		Debug|Any CPU = Debug|Any CPU
		Release|Any CPU = Release|Any CPU
	EndGlobalSection
	GlobalSection(ProjectConfigurationPlatforms) = postSolution
		{CE6A4C85-4998-48BD-9523-BEC8CCA8DD2C}.Debug|Any CPU.ActiveCfg = Debug|Any CPU
		{CE6A4C85-4998-48BD-9523-BEC8CCA8DD2C}.Debug|Any CPU.Build.0 = Debug|Any CPU
		{CE6A4C85-4998-48BD-9523-BEC8CCA8DD2C}.Release|Any CPU.ActiveCfg = Release|Any CPU
		{CE6A4C85-4998-48BD-9523-BEC8CCA8DD2C}.Release|Any CPU.Build.0 = Release|Any CPU
		{0664D220-7477-424E-A0BD-CBFC93BF94A7}.Debug|Any CPU.ActiveCfg = Debug|Any CPU
		{0664D220-7477-424E-A0BD-CBFC93BF94A7}.Debug|Any CPU.Build.0 = Debug|Any CPU
		{0664D220-7477-424E-A0BD-CBFC93BF94A7}.Release|Any CPU.ActiveCfg = Release|Any CPU
		{0664D220-7477-424E-A0BD-CBFC93BF94A7}.Release|Any CPU.Build.0 = Release|Any CPU
	EndGlobalSection
	GlobalSection(SolutionProperties) = preSolution
		HideSolutionNode = FALSE
	EndGlobalSection
	GlobalSection(ExtensibilityGlobals) = postSolution
		SolutionGuid = {52FA911E-71D6-4D26-B685-DF12ABF8A1F1}
	EndGlobalSection
EndGlobal
